
Microsoft Visual Studio Solution File, Format Version 12.00
# Visual Studio 14
VisualStudioVersion = 14.0.25420.1
MinimumVisualStudioVersion = 10.0.40219.1
Project("{FAE04EC0-301F-11D3-BF4B-00C04F79EFBC}") = "Data", "Data\Data.csproj", "{4D813FF9-4562-4650-AC9A-94DD3D8B815B}"
EndProject
Project("{FAE04EC0-301F-11D3-BF4B-00C04F79EFBC}") = "Bussines", "Bussines\Bussines.csproj", "{7AE5A899-5518-41C2-ADB8-6B916B6FC39F}"
EndProject
Project("{FAE04EC0-301F-11D3-BF4B-00C04F79EFBC}") = "Biblioteca", "Biblioteca\Biblioteca.csproj", "{E18086F9-2264-4269-B3DE-CD8D7638432A}"
EndProject
Project("{FAE04EC0-301F-11D3-BF4B-00C04F79EFBC}") = "WebApiWCF", "WebApiWCF\WebApiWCF.csproj", "{DD473739-6E79-4164-B53F-7606F74CC9CD}"
EndProject
Global
	GlobalSection(SolutionConfigurationPlatforms) = preSolution
		Debug|Any CPU = Debug|Any CPU
		Release|Any CPU = Release|Any CPU
	EndGlobalSection
	GlobalSection(ProjectConfigurationPlatforms) = postSolution
		{4D813FF9-4562-4650-AC9A-94DD3D8B815B}.Debug|Any CPU.ActiveCfg = Debug|Any CPU
		{4D813FF9-4562-4650-AC9A-94DD3D8B815B}.Debug|Any CPU.Build.0 = Debug|Any CPU
		{4D813FF9-4562-4650-AC9A-94DD3D8B815B}.Release|Any CPU.ActiveCfg = Release|Any CPU
		{4D813FF9-4562-4650-AC9A-94DD3D8B815B}.Release|Any CPU.Build.0 = Release|Any CPU
		{7AE5A899-5518-41C2-ADB8-6B916B6FC39F}.Debug|Any CPU.ActiveCfg = Debug|Any CPU
		{7AE5A899-5518-41C2-ADB8-6B916B6FC39F}.Debug|Any CPU.Build.0 = Debug|Any CPU
		{7AE5A899-5518-41C2-ADB8-6B916B6FC39F}.Release|Any CPU.ActiveCfg = Release|Any CPU
		{7AE5A899-5518-41C2-ADB8-6B916B6FC39F}.Release|Any CPU.Build.0 = Release|Any CPU
		{E18086F9-2264-4269-B3DE-CD8D7638432A}.Debug|Any CPU.ActiveCfg = Debug|Any CPU
		{E18086F9-2264-4269-B3DE-CD8D7638432A}.Debug|Any CPU.Build.0 = Debug|Any CPU
		{E18086F9-2264-4269-B3DE-CD8D7638432A}.Release|Any CPU.ActiveCfg = Release|Any CPU
		{E18086F9-2264-4269-B3DE-CD8D7638432A}.Release|Any CPU.Build.0 = Release|Any CPU
		{DD473739-6E79-4164-B53F-7606F74CC9CD}.Debug|Any CPU.ActiveCfg = Debug|Any CPU
		{DD473739-6E79-4164-B53F-7606F74CC9CD}.Debug|Any CPU.Build.0 = Debug|Any CPU
		{DD473739-6E79-4164-B53F-7606F74CC9CD}.Release|Any CPU.ActiveCfg = Release|Any CPU
		{DD473739-6E79-4164-B53F-7606F74CC9CD}.Release|Any CPU.Build.0 = Release|Any CPU
	EndGlobalSection
	GlobalSection(SolutionProperties) = preSolution
		HideSolutionNode = FALSE
	EndGlobalSection
EndGlobal
